
Microsoft Visual Studio Solution File, Format Version 12.00
Project("{FAE04EC0-301F-11D3-BF4B-00C04F79EFBC}") = "Todo.API", "Todo.API\Todo.API.csproj", "{1A747BC8-8566-4023-B879-783564A11F5B}"
EndProject
Project("{FAE04EC0-301F-11D3-BF4B-00C04F79EFBC}") = "User.API", "User.API\User.API.csproj", "{87C1B85D-7A2C-4E2C-85D8-958CE2E1A205}"
EndProject
Global
	GlobalSection(SolutionConfigurationPlatforms) = preSolution
		Debug|Any CPU = Debug|Any CPU
		Release|Any CPU = Release|Any CPU
	EndGlobalSection
	GlobalSection(ProjectConfigurationPlatforms) = postSolution
		{1A747BC8-8566-4023-B879-783564A11F5B}.Debug|Any CPU.ActiveCfg = Debug|Any CPU
		{1A747BC8-8566-4023-B879-783564A11F5B}.Debug|Any CPU.Build.0 = Debug|Any CPU
		{1A747BC8-8566-4023-B879-783564A11F5B}.Release|Any CPU.ActiveCfg = Release|Any CPU
		{1A747BC8-8566-4023-B879-783564A11F5B}.Release|Any CPU.Build.0 = Release|Any CPU
		{87C1B85D-7A2C-4E2C-85D8-958CE2E1A205}.Debug|Any CPU.ActiveCfg = Debug|Any CPU
		{87C1B85D-7A2C-4E2C-85D8-958CE2E1A205}.Debug|Any CPU.Build.0 = Debug|Any CPU
		{87C1B85D-7A2C-4E2C-85D8-958CE2E1A205}.Release|Any CPU.ActiveCfg = Release|Any CPU
		{87C1B85D-7A2C-4E2C-85D8-958CE2E1A205}.Release|Any CPU.Build.0 = Release|Any CPU
	EndGlobalSection
EndGlobal
